{
  "originHash" : "c91f0d761dd838029258b684263d943cacd7be86c19d0bf25d200fee62b2d1f0",
  "pins" : [
    {
      "identity" : "iamjarl-design",
      "kind" : "remoteSourceControl",
      "location" : "https://github.com/JarlLyng/iamjarl-design",
      "state" : {
        "branch" : "main",
        "revision" : "74a254fefce09ad54354308acee3e7fd0563ded2"
      }
    },
    {
      "identity" : "sentry-cocoa",
      "kind" : "remoteSourceControl",
      "location" : "https://github.com/getsentry/sentry-cocoa",
      "state" : {
        "revision" : "c63a66f1b5107eec3792249bb03e65015eeba905",
        "version" : "9.7.0"
      }
    }
  ],
  "version" : 3
}
