// !$*UTF8*$!
{
	archiveVersion = 1;
	classes = {
	};
	objectVersion = 77;
	objects = {

/* Begin PBXBuildFile section */
		2F0B866C2F8DAB4400078716 /* WidgetKit.framework in Frameworks */ = {isa = PBXBuildFile; fileRef = 2F0B866B2F8DAB4300078716 /* WidgetKit.framework */; };
		2F0B866E2F8DAB4400078716 /* SwiftUI.framework in Frameworks */ = {isa = PBXBuildFile; fileRef = 2F0B866D2F8DAB4400078716 /* SwiftUI.framework */; };
		2F0B867F2F8DAB4700078716 /* IronWorkoutWidgetExtension.appex in Embed Foundation Extensions */ = {isa = PBXBuildFile; fileRef = 2F0B86692F8DAB4300078716 /* IronWorkoutWidgetExtension.appex */; settings = {ATTRIBUTES = (RemoveHeadersOnCopy, ); }; };
		2F60ACDA2F65A7C400B0CB5C /* Sentry in Frameworks */ = {isa = PBXBuildFile; productRef = A1B2C3D42E5F6789012345AC /* Sentry */; };
		2F60ACDB2F65A7C400B0CB5C /* IAMJARLDesignTokens in Frameworks */ = {isa = PBXBuildFile; productRef = B2C3D42E5F6789012345AB02 /* IAMJARLDesignTokens */; };
		2FC2F7D32F806938009E294F /* PhosphorSwift in Frameworks */ = {isa = PBXBuildFile; productRef = 2F2546FC2F675BE400BB5A6C /* PhosphorSwift */; };
/* End PBXBuildFile section */

/* Begin PBXContainerItemProxy section */
		2F0B867D2F8DAB4700078716 /* PBXContainerItemProxy */ = {
			isa = PBXContainerItemProxy;
			containerPortal = 2F60AB602F64DAEC00B0CB5C /* Project object */;
			proxyType = 1;
			remoteGlobalIDString = 2F0B86682F8DAB4300078716;
			remoteInfo = IronWorkoutWidgetExtension;
		};
		2F60AB762F64DAF100B0CB5C /* PBXContainerItemProxy */ = {
			isa = PBXContainerItemProxy;
			containerPortal = 2F60AB602F64DAEC00B0CB5C /* Project object */;
			proxyType = 1;
			remoteGlobalIDString = 2F60AB672F64DAEC00B0CB5C;
			remoteInfo = "Iron Workout";
		};
		2F60AB802F64DAF100B0CB5C /* PBXContainerItemProxy */ = {
			isa = PBXContainerItemProxy;
			containerPortal = 2F60AB602F64DAEC00B0CB5C /* Project object */;
			proxyType = 1;
			remoteGlobalIDString = 2F60AB672F64DAEC00B0CB5C;
			remoteInfo = "Iron Workout";
		};
/* End PBXContainerItemProxy section */

/* Begin PBXCopyFilesBuildPhase section */
		2F0B86842F8DAB4700078716 /* Embed Foundation Extensions */ = {
			isa = PBXCopyFilesBuildPhase;
			buildActionMask = 2147483647;
			dstPath = "";
			dstSubfolderSpec = 13;
			files = (
				2F0B867F2F8DAB4700078716 /* IronWorkoutWidgetExtension.appex in Embed Foundation Extensions */,
			);
			name = "Embed Foundation Extensions";
			runOnlyForDeploymentPostprocessing = 0;
		};
/* End PBXCopyFilesBuildPhase section */

/* Begin PBXFileReference section */
		2F0B86692F8DAB4300078716 /* IronWorkoutWidgetExtension.appex */ = {isa = PBXFileReference; explicitFileType = "wrapper.app-extension"; includeInIndex = 0; path = IronWorkoutWidgetExtension.appex; sourceTree = BUILT_PRODUCTS_DIR; };
		2F0B866B2F8DAB4300078716 /* WidgetKit.framework */ = {isa = PBXFileReference; lastKnownFileType = wrapper.framework; name = WidgetKit.framework; path = System/Library/Frameworks/WidgetKit.framework; sourceTree = SDKROOT; };
		2F0B866D2F8DAB4400078716 /* SwiftUI.framework */ = {isa = PBXFileReference; lastKnownFileType = wrapper.framework; name = SwiftUI.framework; path = System/Library/Frameworks/SwiftUI.framework; sourceTree = SDKROOT; };
		2F0B86852F8DABF800078716 /* IronWorkoutWidgetExtension.entitlements */ = {isa = PBXFileReference; lastKnownFileType = text.plist.entitlements; path = IronWorkoutWidgetExtension.entitlements; sourceTree = "<group>"; };
		2F60AB682F64DAEC00B0CB5C /* Iron Workout.app */ = {isa = PBXFileReference; explicitFileType = wrapper.application; includeInIndex = 0; path = "Iron Workout.app"; sourceTree = BUILT_PRODUCTS_DIR; };
		2F60AB752F64DAF100B0CB5C /* Iron WorkoutTests.xctest */ = {isa = PBXFileReference; explicitFileType = wrapper.cfbundle; includeInIndex = 0; path = "Iron WorkoutTests.xctest"; sourceTree = BUILT_PRODUCTS_DIR; };
		2F60AB7F2F64DAF100B0CB5C /* Iron WorkoutUITests.xctest */ = {isa = PBXFileReference; explicitFileType = wrapper.cfbundle; includeInIndex = 0; path = "Iron WorkoutUITests.xctest"; sourceTree = BUILT_PRODUCTS_DIR; };
		2F60ACDF2F65A7C800B0CB5C /* Iron Workout/Config/DeveloperSettings.xcconfig */ = {isa = PBXFileReference; lastKnownFileType = text.xcconfig; path = "Iron Workout/Config/DeveloperSettings.xcconfig"; sourceTree = "<group>"; };
/* End PBXFileReference section */

/* Begin PBXFileSystemSynchronizedBuildFileExceptionSet section */
		2F0B86832F8DAB4700078716 /* Exceptions for "IronWorkoutWidget" folder in "IronWorkoutWidgetExtension" target */ = {
			isa = PBXFileSystemSynchronizedBuildFileExceptionSet;
			membershipExceptions = (
				Info.plist,
			);
			target = 2F0B86682F8DAB4300078716 /* IronWorkoutWidgetExtension */;
		};
		2F0B86872F8DAD5200078716 /* Exceptions for "Iron Workout" folder in "IronWorkoutWidgetExtension" target */ = {
			isa = PBXFileSystemSynchronizedBuildFileExceptionSet;
			membershipExceptions = (
				Shared/Models/Exercise.swift,
				Shared/Models/LiveActivityAttributes.swift,
				Shared/Models/PerformedSet.swift,
				Shared/Models/WorkoutSession.swift,
				Shared/Models/WorkoutSessionExercise.swift,
			);
			target = 2F0B86682F8DAB4300078716 /* IronWorkoutWidgetExtension */;
		};
		2F60ACDC2F65A7C500B0CB5C /* Exceptions for "Iron Workout" folder in "Iron Workout" target */ = {
			isa = PBXFileSystemSynchronizedBuildFileExceptionSet;
			membershipExceptions = (
				Config/DeveloperSettings.xcconfig,
				Config/Secrets.xcconfig,
				Info.plist,
			);
			target = 2F60AB672F64DAEC00B0CB5C /* Iron Workout */;
		};
/* End PBXFileSystemSynchronizedBuildFileExceptionSet section */

/* Begin PBXFileSystemSynchronizedRootGroup section */
		2F0B866F2F8DAB4400078716 /* IronWorkoutWidget */ = {
			isa = PBXFileSystemSynchronizedRootGroup;
			exceptions = (
				2F0B86832F8DAB4700078716 /* Exceptions for "IronWorkoutWidget" folder in "IronWorkoutWidgetExtension" target */,
			);
			path = IronWorkoutWidget;
			sourceTree = "<group>";
		};
		2F60AB6A2F64DAEC00B0CB5C /* Iron Workout */ = {
			isa = PBXFileSystemSynchronizedRootGroup;
			exceptions = (
				2F60ACDC2F65A7C500B0CB5C /* Exceptions for "Iron Workout" folder in "Iron Workout" target */,
				2F0B86872F8DAD5200078716 /* Exceptions for "Iron Workout" folder in "IronWorkoutWidgetExtension" target */,
			);
			path = "Iron Workout";
			sourceTree = "<group>";
		};
		2F60AB782F64DAF100B0CB5C /* Iron WorkoutTests */ = {
			isa = PBXFileSystemSynchronizedRootGroup;
			path = "Iron WorkoutTests";
			sourceTree = "<group>";
		};
		2F60AB822F64DAF100B0CB5C /* Iron WorkoutUITests */ = {
			isa = PBXFileSystemSynchronizedRootGroup;
			path = "Iron WorkoutUITests";
			sourceTree = "<group>";
		};
/* End PBXFileSystemSynchronizedRootGroup section */

/* Begin PBXFrameworksBuildPhase section */
		2F0B86662F8DAB4300078716 /* Frameworks */ = {
			isa = PBXFrameworksBuildPhase;
			buildActionMask = 2147483647;
			files = (
				2F0B866E2F8DAB4400078716 /* SwiftUI.framework in Frameworks */,
				2F0B866C2F8DAB4400078716 /* WidgetKit.framework in Frameworks */,
			);
			runOnlyForDeploymentPostprocessing = 0;
		};
		2F60AB652F64DAEC00B0CB5C /* Frameworks */ = {
			isa = PBXFrameworksBuildPhase;
			buildActionMask = 2147483647;
			files = (
				2FC2F7D32F806938009E294F /* PhosphorSwift in Frameworks */,
				2F60ACDA2F65A7C400B0CB5C /* Sentry in Frameworks */,
				2F60ACDB2F65A7C400B0CB5C /* IAMJARLDesignTokens in Frameworks */,
			);
			runOnlyForDeploymentPostprocessing = 0;
		};
		2F60AB722F64DAF100B0CB5C /* Frameworks */ = {
			isa = PBXFrameworksBuildPhase;
			buildActionMask = 2147483647;
			files = (
			);
			runOnlyForDeploymentPostprocessing = 0;
		};
		2F60AB7C2F64DAF100B0CB5C /* Frameworks */ = {
			isa = PBXFrameworksBuildPhase;
			buildActionMask = 2147483647;
			files = (
			);
			runOnlyForDeploymentPostprocessing = 0;
		};
/* End PBXFrameworksBuildPhase section */

/* Begin PBXGroup section */
		2F0B866A2F8DAB4300078716 /* Frameworks */ = {
			isa = PBXGroup;
			children = (
				2F0B866B2F8DAB4300078716 /* WidgetKit.framework */,
				2F0B866D2F8DAB4400078716 /* SwiftUI.framework */,
			);
			name = Frameworks;
			sourceTree = "<group>";
		};
		2F60AB5F2F64DAEC00B0CB5C = {
			isa = PBXGroup;
			children = (
				2F0B86852F8DABF800078716 /* IronWorkoutWidgetExtension.entitlements */,
				2F60ACDF2F65A7C800B0CB5C /* Iron Workout/Config/DeveloperSettings.xcconfig */,
				2F60AB6A2F64DAEC00B0CB5C /* Iron Workout */,
				2F60AB782F64DAF100B0CB5C /* Iron WorkoutTests */,
				2F60AB822F64DAF100B0CB5C /* Iron WorkoutUITests */,
				2F0B866F2F8DAB4400078716 /* IronWorkoutWidget */,
				2F0B866A2F8DAB4300078716 /* Frameworks */,
				2F60AB692F64DAEC00B0CB5C /* Products */,
			);
			sourceTree = "<group>";
		};
		2F60AB692F64DAEC00B0CB5C /* Products */ = {
			isa = PBXGroup;
			children = (
				2F60AB682F64DAEC00B0CB5C /* Iron Workout.app */,
				2F60AB752F64DAF100B0CB5C /* Iron WorkoutTests.xctest */,
				2F60AB7F2F64DAF100B0CB5C /* Iron WorkoutUITests.xctest */,
				2F0B86692F8DAB4300078716 /* IronWorkoutWidgetExtension.appex */,
			);
			name = Products;
			sourceTree = "<group>";
		};
/* End PBXGroup section */

/* Begin PBXNativeTarget section */
		2F0B86682F8DAB4300078716 /* IronWorkoutWidgetExtension */ = {
			isa = PBXNativeTarget;
			buildConfigurationList = 2F0B86802F8DAB4700078716 /* Build configuration list for PBXNativeTarget "IronWorkoutWidgetExtension" */;
			buildPhases = (
				2F0B86652F8DAB4300078716 /* Sources */,
				2F0B86662F8DAB4300078716 /* Frameworks */,
				2F0B86672F8DAB4300078716 /* Resources */,
			);
			buildRules = (
			);
			dependencies = (
			);
			fileSystemSynchronizedGroups = (
				2F0B866F2F8DAB4400078716 /* IronWorkoutWidget */,
			);
			name = IronWorkoutWidgetExtension;
			packageProductDependencies = (
			);
			productName = IronWorkoutWidgetExtension;
			productReference = 2F0B86692F8DAB4300078716 /* IronWorkoutWidgetExtension.appex */;
			productType = "com.apple.product-type.app-extension";
		};
		2F60AB672F64DAEC00B0CB5C /* Iron Workout */ = {
			isa = PBXNativeTarget;
			buildConfigurationList = 2F60AB892F64DAF100B0CB5C /* Build configuration list for PBXNativeTarget "Iron Workout" */;
			buildPhases = (
				2F60AB642F64DAEC00B0CB5C /* Sources */,
				2F60AB652F64DAEC00B0CB5C /* Frameworks */,
				2F60AB662F64DAEC00B0CB5C /* Resources */,
				2F0B86842F8DAB4700078716 /* Embed Foundation Extensions */,
				2F60ACE02F65A7C900B0CB5C /* Upload debug symbols to Sentry */,
			);
			buildRules = (
			);
			dependencies = (
				2F0B867E2F8DAB4700078716 /* PBXTargetDependency */,
			);
			fileSystemSynchronizedGroups = (
				2F60AB6A2F64DAEC00B0CB5C /* Iron Workout */,
			);
			name = "Iron Workout";
			packageProductDependencies = (
				A1B2C3D42E5F6789012345AC /* Sentry */,
				B2C3D42E5F6789012345AB02 /* IAMJARLDesignTokens */,
				2F2546FC2F675BE400BB5A6C /* PhosphorSwift */,
			);
			productName = "Iron Workout";
			productReference = 2F60AB682F64DAEC00B0CB5C /* Iron Workout.app */;
			productType = "com.apple.product-type.application";
		};
		2F60AB742F64DAF100B0CB5C /* Iron WorkoutTests */ = {
			isa = PBXNativeTarget;
			buildConfigurationList = 2F60AB8C2F64DAF100B0CB5C /* Build configuration list for PBXNativeTarget "Iron WorkoutTests" */;
			buildPhases = (
				2F60AB712F64DAF100B0CB5C /* Sources */,
				2F60AB722F64DAF100B0CB5C /* Frameworks */,
				2F60AB732F64DAF100B0CB5C /* Resources */,
			);
			buildRules = (
			);
			dependencies = (
				2F60AB772F64DAF100B0CB5C /* PBXTargetDependency */,
			);
			fileSystemSynchronizedGroups = (
				2F60AB782F64DAF100B0CB5C /* Iron WorkoutTests */,
			);
			name = "Iron WorkoutTests";
			packageProductDependencies = (
			);
			productName = "Iron WorkoutTests";
			productReference = 2F60AB752F64DAF100B0CB5C /* Iron WorkoutTests.xctest */;
			productType = "com.apple.product-type.bundle.unit-test";
		};
		2F60AB7E2F64DAF100B0CB5C /* Iron WorkoutUITests */ = {
			isa = PBXNativeTarget;
			buildConfigurationList = 2F60AB8F2F64DAF100B0CB5C /* Build configuration list for PBXNativeTarget "Iron WorkoutUITests" */;
			buildPhases = (
				2F60AB7B2F64DAF100B0CB5C /* Sources */,
				2F60AB7C2F64DAF100B0CB5C /* Frameworks */,
				2F60AB7D2F64DAF100B0CB5C /* Resources */,
			);
			buildRules = (
			);
			dependencies = (
				2F60AB812F64DAF100B0CB5C /* PBXTargetDependency */,
			);
			fileSystemSynchronizedGroups = (
				2F60AB822F64DAF100B0CB5C /* Iron WorkoutUITests */,
			);
			name = "Iron WorkoutUITests";
			packageProductDependencies = (
			);
			productName = "Iron WorkoutUITests";
			productReference = 2F60AB7F2F64DAF100B0CB5C /* Iron WorkoutUITests.xctest */;
			productType = "com.apple.product-type.bundle.ui-testing";
		};
/* End PBXNativeTarget section */

/* Begin PBXProject section */
		2F60AB602F64DAEC00B0CB5C /* Project object */ = {
			isa = PBXProject;
			attributes = {
				BuildIndependentTargetsInParallel = 1;
				LastSwiftUpdateCheck = 2640;
				LastUpgradeCheck = 2640;
				TargetAttributes = {
					2F0B86682F8DAB4300078716 = {
						CreatedOnToolsVersion = 26.4;
					};
					2F60AB672F64DAEC00B0CB5C = {
						CreatedOnToolsVersion = 26.3;
					};
					2F60AB742F64DAF100B0CB5C = {
						CreatedOnToolsVersion = 26.3;
						TestTargetID = 2F60AB672F64DAEC00B0CB5C;
					};
					2F60AB7E2F64DAF100B0CB5C = {
						CreatedOnToolsVersion = 26.3;
						TestTargetID = 2F60AB672F64DAEC00B0CB5C;
					};
				};
			};
			buildConfigurationList = 2F60AB632F64DAEC00B0CB5C /* Build configuration list for PBXProject "Iron Workout" */;
			developmentRegion = en;
			hasScannedForEncodings = 0;
			knownRegions = (
				en,
				Base,
			);
			mainGroup = 2F60AB5F2F64DAEC00B0CB5C;
			minimizedProjectReferenceProxies = 1;
			packageReferences = (
				A1B2C3D42E5F6789012345AB /* XCRemoteSwiftPackageReference "sentry-cocoa" */,
				B2C3D42E5F6789012345AB01 /* XCRemoteSwiftPackageReference "iamjarl-design" */,
				2F2546FB2F675BE400BB5A6C /* XCRemoteSwiftPackageReference "swift" */,
			);
			preferredProjectObjectVersion = 77;
			productRefGroup = 2F60AB692F64DAEC00B0CB5C /* Products */;
			projectDirPath = "";
			projectRoot = "";
			targets = (
				2F60AB672F64DAEC00B0CB5C /* Iron Workout */,
				2F60AB742F64DAF100B0CB5C /* Iron WorkoutTests */,
				2F60AB7E2F64DAF100B0CB5C /* Iron WorkoutUITests */,
				2F0B86682F8DAB4300078716 /* IronWorkoutWidgetExtension */,
			);
		};
/* End PBXProject section */

/* Begin PBXResourcesBuildPhase section */
		2F0B86672F8DAB4300078716 /* Resources */ = {
			isa = PBXResourcesBuildPhase;
			buildActionMask = 2147483647;
			files = (
			);
			runOnlyForDeploymentPostprocessing = 0;
		};
		2F60AB662F64DAEC00B0CB5C /* Resources */ = {
			isa = PBXResourcesBuildPhase;
			buildActionMask = 2147483647;
			files = (
			);
			runOnlyForDeploymentPostprocessing = 0;
		};
		2F60AB732F64DAF100B0CB5C /* Resources */ = {
			isa = PBXResourcesBuildPhase;
			buildActionMask = 2147483647;
			files = (
			);
			runOnlyForDeploymentPostprocessing = 0;
		};
		2F60AB7D2F64DAF100B0CB5C /* Resources */ = {
			isa = PBXResourcesBuildPhase;
			buildActionMask = 2147483647;
			files = (
			);
			runOnlyForDeploymentPostprocessing = 0;
		};
/* End PBXResourcesBuildPhase section */

/* Begin PBXShellScriptBuildPhase section */
		2F60ACE02F65A7C900B0CB5C /* Upload debug symbols to Sentry */ = {
			isa = PBXShellScriptBuildPhase;
			alwaysOutOfDate = 1;
			buildActionMask = 2147483647;
			files = (
			);
			inputFileListPaths = (
			);
			inputPaths = (
			);
			name = "Upload debug symbols to Sentry";
			outputFileListPaths = (
			);
			outputPaths = (
			);
			runOnlyForDeploymentPostprocessing = 1;
			shellPath = /bin/sh;
			shellScript = "\"${SRCROOT}/Scripts/sentry-upload-dsyms.sh\"\n";
		};
/* End PBXShellScriptBuildPhase section */

/* Begin PBXSourcesBuildPhase section */
		2F0B86652F8DAB4300078716 /* Sources */ = {
			isa = PBXSourcesBuildPhase;
			buildActionMask = 2147483647;
			files = (
			);
			runOnlyForDeploymentPostprocessing = 0;
		};
		2F60AB642F64DAEC00B0CB5C /* Sources */ = {
			isa = PBXSourcesBuildPhase;
			buildActionMask = 2147483647;
			files = (
			);
			runOnlyForDeploymentPostprocessing = 0;
		};
		2F60AB712F64DAF100B0CB5C /* Sources */ = {
			isa = PBXSourcesBuildPhase;
			buildActionMask = 2147483647;
			files = (
			);
			runOnlyForDeploymentPostprocessing = 0;
		};
		2F60AB7B2F64DAF100B0CB5C /* Sources */ = {
			isa = PBXSourcesBuildPhase;
			buildActionMask = 2147483647;
			files = (
			);
			runOnlyForDeploymentPostprocessing = 0;
		};
/* End PBXSourcesBuildPhase section */

/* Begin PBXTargetDependency section */
		2F0B867E2F8DAB4700078716 /* PBXTargetDependency */ = {
			isa = PBXTargetDependency;
			target = 2F0B86682F8DAB4300078716 /* IronWorkoutWidgetExtension */;
			targetProxy = 2F0B867D2F8DAB4700078716 /* PBXContainerItemProxy */;
		};
		2F60AB772F64DAF100B0CB5C /* PBXTargetDependency */ = {
			isa = PBXTargetDependency;
			target = 2F60AB672F64DAEC00B0CB5C /* Iron Workout */;
			targetProxy = 2F60AB762F64DAF100B0CB5C /* PBXContainerItemProxy */;
		};
		2F60AB812F64DAF100B0CB5C /* PBXTargetDependency */ = {
			isa = PBXTargetDependency;
			target = 2F60AB672F64DAEC00B0CB5C /* Iron Workout */;
			targetProxy = 2F60AB802F64DAF100B0CB5C /* PBXContainerItemProxy */;
		};
/* End PBXTargetDependency section */

/* Begin XCBuildConfiguration section */
		2F0B86812F8DAB4700078716 /* Debug */ = {
			isa = XCBuildConfiguration;
			buildSettings = {
				ASSETCATALOG_COMPILER_GLOBAL_ACCENT_COLOR_NAME = AccentColor;
				ASSETCATALOG_COMPILER_WIDGET_BACKGROUND_COLOR_NAME = WidgetBackground;
				CODE_SIGN_ENTITLEMENTS = IronWorkoutWidgetExtension.entitlements;
				CODE_SIGN_STYLE = Automatic;
				CURRENT_PROJECT_VERSION = 1;
				DEVELOPMENT_TEAM = KDWZ3WNLDK;
				ENABLE_USER_SCRIPT_SANDBOXING = YES;
				GENERATE_INFOPLIST_FILE = YES;
				INFOPLIST_FILE = IronWorkoutWidget/Info.plist;
				INFOPLIST_KEY_CFBundleDisplayName = IronWorkoutWidget;
				INFOPLIST_KEY_NSHumanReadableCopyright = "";
				IPHONEOS_DEPLOYMENT_TARGET = 26.4;
				LD_RUNPATH_SEARCH_PATHS = (
					"$(inherited)",
					"@executable_path/Frameworks",
					"@executable_path/../../Frameworks",
				);
				MARKETING_VERSION = 1.0;
				PRODUCT_BUNDLE_IDENTIFIER = "com.iamjarl.Iron-Workout.IronWorkoutWidget";
				PRODUCT_NAME = "$(TARGET_NAME)";
				SKIP_INSTALL = YES;
				STRING_CATALOG_GENERATE_SYMBOLS = YES;
				SWIFT_APPROACHABLE_CONCURRENCY = YES;
				SWIFT_EMIT_LOC_STRINGS = YES;
				SWIFT_UPCOMING_FEATURE_MEMBER_IMPORT_VISIBILITY = YES;
				SWIFT_VERSION = 5.0;
				TARGETED_DEVICE_FAMILY = "1,2";
			};
			name = Debug;
		};
		2F0B86822F8DAB4700078716 /* Release */ = {
			isa = XCBuildConfiguration;
			buildSettings = {
				ASSETCATALOG_COMPILER_GLOBAL_ACCENT_COLOR_NAME = AccentColor;
				ASSETCATALOG_COMPILER_WIDGET_BACKGROUND_COLOR_NAME = WidgetBackground;
				CODE_SIGN_ENTITLEMENTS = IronWorkoutWidgetExtension.entitlements;
				CODE_SIGN_STYLE = Automatic;
				CURRENT_PROJECT_VERSION = 1;
				DEVELOPMENT_TEAM = KDWZ3WNLDK;
				ENABLE_USER_SCRIPT_SANDBOXING = YES;
				GENERATE_INFOPLIST_FILE = YES;
				INFOPLIST_FILE = IronWorkoutWidget/Info.plist;
				INFOPLIST_KEY_CFBundleDisplayName = IronWorkoutWidget;
				INFOPLIST_KEY_NSHumanReadableCopyright = "";
				IPHONEOS_DEPLOYMENT_TARGET = 26.4;
				LD_RUNPATH_SEARCH_PATHS = (
					"$(inherited)",
					"@executable_path/Frameworks",
					"@executable_path/../../Frameworks",
				);
				MARKETING_VERSION = 1.0;
				PRODUCT_BUNDLE_IDENTIFIER = "com.iamjarl.Iron-Workout.IronWorkoutWidget";
				PRODUCT_NAME = "$(TARGET_NAME)";
				SKIP_INSTALL = YES;
				STRING_CATALOG_GENERATE_SYMBOLS = YES;
				SWIFT_APPROACHABLE_CONCURRENCY = YES;
				SWIFT_EMIT_LOC_STRINGS = YES;
				SWIFT_UPCOMING_FEATURE_MEMBER_IMPORT_VISIBILITY = YES;
				SWIFT_VERSION = 5.0;
				TARGETED_DEVICE_FAMILY = "1,2";
			};
			name = Release;
		};
		2F60AB872F64DAF100B0CB5C /* Debug */ = {
			isa = XCBuildConfiguration;
			buildSettings = {
				ALWAYS_SEARCH_USER_PATHS = NO;
				ASSETCATALOG_COMPILER_GENERATE_SWIFT_ASSET_SYMBOL_EXTENSIONS = YES;
				CLANG_ANALYZER_NONNULL = YES;
				CLANG_ANALYZER_NUMBER_OBJECT_CONVERSION = YES_AGGRESSIVE;
				CLANG_CXX_LANGUAGE_STANDARD = "gnu++20";
				CLANG_ENABLE_MODULES = YES;
				CLANG_ENABLE_OBJC_ARC = YES;
				CLANG_ENABLE_OBJC_WEAK = YES;
				CLANG_WARN_BLOCK_CAPTURE_AUTORELEASING = YES;
				CLANG_WARN_BOOL_CONVERSION = YES;
				CLANG_WARN_COMMA = YES;
				CLANG_WARN_CONSTANT_CONVERSION = YES;
				CLANG_WARN_DEPRECATED_OBJC_IMPLEMENTATIONS = YES;
				CLANG_WARN_DIRECT_OBJC_ISA_USAGE = YES_ERROR;
				CLANG_WARN_DOCUMENTATION_COMMENTS = YES;
				CLANG_WARN_EMPTY_BODY = YES;
				CLANG_WARN_ENUM_CONVERSION = YES;
				CLANG_WARN_INFINITE_RECURSION = YES;
				CLANG_WARN_INT_CONVERSION = YES;
				CLANG_WARN_NON_LITERAL_NULL_CONVERSION = YES;
				CLANG_WARN_OBJC_IMPLICIT_RETAIN_SELF = YES;
				CLANG_WARN_OBJC_LITERAL_CONVERSION = YES;
				CLANG_WARN_OBJC_ROOT_CLASS = YES_ERROR;
				CLANG_WARN_QUOTED_INCLUDE_IN_FRAMEWORK_HEADER = YES;
				CLANG_WARN_RANGE_LOOP_ANALYSIS = YES;
				CLANG_WARN_STRICT_PROTOTYPES = YES;
				CLANG_WARN_SUSPICIOUS_MOVE = YES;
				CLANG_WARN_UNGUARDED_AVAILABILITY = YES_AGGRESSIVE;
				CLANG_WARN_UNREACHABLE_CODE = YES;
				CLANG_WARN__DUPLICATE_METHOD_MATCH = YES;
				COPY_PHASE_STRIP = NO;
				DEBUG_INFORMATION_FORMAT = dwarf;
				DEVELOPMENT_TEAM = KDWZ3WNLDK;
				ENABLE_STRICT_OBJC_MSGSEND = YES;
				ENABLE_TESTABILITY = YES;
				ENABLE_USER_SCRIPT_SANDBOXING = NO;
				GCC_C_LANGUAGE_STANDARD = gnu17;
				GCC_DYNAMIC_NO_PIC = NO;
				GCC_NO_COMMON_BLOCKS = YES;
				GCC_OPTIMIZATION_LEVEL = 0;
				GCC_PREPROCESSOR_DEFINITIONS = (
					"DEBUG=1",
					"$(inherited)",
				);
				GCC_WARN_64_TO_32_BIT_CONVERSION = YES;
				GCC_WARN_ABOUT_RETURN_TYPE = YES_ERROR;
				GCC_WARN_UNDECLARED_SELECTOR = YES;
				GCC_WARN_UNINITIALIZED_AUTOS = YES_AGGRESSIVE;
				GCC_WARN_UNUSED_FUNCTION = YES;
				GCC_WARN_UNUSED_VARIABLE = YES;
				IPHONEOS_DEPLOYMENT_TARGET = 26.2;
				LOCALIZATION_PREFERS_STRING_CATALOGS = YES;
				MTL_ENABLE_DEBUG_INFO = INCLUDE_SOURCE;
				MTL_FAST_MATH = YES;
				ONLY_ACTIVE_ARCH = YES;
				SDKROOT = iphoneos;
				STRING_CATALOG_GENERATE_SYMBOLS = YES;
				SWIFT_ACTIVE_COMPILATION_CONDITIONS = "DEBUG $(inherited)";
				SWIFT_OPTIMIZATION_LEVEL = "-Onone";
			};
			name = Debug;
		};
		2F60AB882F64DAF100B0CB5C /* Release */ = {
			isa = XCBuildConfiguration;
			buildSettings = {
				ALWAYS_SEARCH_USER_PATHS = NO;
				ASSETCATALOG_COMPILER_GENERATE_SWIFT_ASSET_SYMBOL_EXTENSIONS = YES;
				CLANG_ANALYZER_NONNULL = YES;
				CLANG_ANALYZER_NUMBER_OBJECT_CONVERSION = YES_AGGRESSIVE;
				CLANG_CXX_LANGUAGE_STANDARD = "gnu++20";
				CLANG_ENABLE_MODULES = YES;
				CLANG_ENABLE_OBJC_ARC = YES;
				CLANG_ENABLE_OBJC_WEAK = YES;
				CLANG_WARN_BLOCK_CAPTURE_AUTORELEASING = YES;
				CLANG_WARN_BOOL_CONVERSION = YES;
				CLANG_WARN_COMMA = YES;
				CLANG_WARN_CONSTANT_CONVERSION = YES;
				CLANG_WARN_DEPRECATED_OBJC_IMPLEMENTATIONS = YES;
				CLANG_WARN_DIRECT_OBJC_ISA_USAGE = YES_ERROR;
				CLANG_WARN_DOCUMENTATION_COMMENTS = YES;
				CLANG_WARN_EMPTY_BODY = YES;
				CLANG_WARN_ENUM_CONVERSION = YES;
				CLANG_WARN_INFINITE_RECURSION = YES;
				CLANG_WARN_INT_CONVERSION = YES;
				CLANG_WARN_NON_LITERAL_NULL_CONVERSION = YES;
				CLANG_WARN_OBJC_IMPLICIT_RETAIN_SELF = YES;
				CLANG_WARN_OBJC_LITERAL_CONVERSION = YES;
				CLANG_WARN_OBJC_ROOT_CLASS = YES_ERROR;
				CLANG_WARN_QUOTED_INCLUDE_IN_FRAMEWORK_HEADER = YES;
				CLANG_WARN_RANGE_LOOP_ANALYSIS = YES;
				CLANG_WARN_STRICT_PROTOTYPES = YES;
				CLANG_WARN_SUSPICIOUS_MOVE = YES;
				CLANG_WARN_UNGUARDED_AVAILABILITY = YES_AGGRESSIVE;
				CLANG_WARN_UNREACHABLE_CODE = YES;
				CLANG_WARN__DUPLICATE_METHOD_MATCH = YES;
				COPY_PHASE_STRIP = NO;
				DEBUG_INFORMATION_FORMAT = "dwarf-with-dsym";
				DEVELOPMENT_TEAM = KDWZ3WNLDK;
				ENABLE_NS_ASSERTIONS = NO;
				ENABLE_STRICT_OBJC_MSGSEND = YES;
				ENABLE_USER_SCRIPT_SANDBOXING = NO;
				GCC_C_LANGUAGE_STANDARD = gnu17;
				GCC_NO_COMMON_BLOCKS = YES;
				GCC_WARN_64_TO_32_BIT_CONVERSION = YES;
				GCC_WARN_ABOUT_RETURN_TYPE = YES_ERROR;
				GCC_WARN_UNDECLARED_SELECTOR = YES;
				GCC_WARN_UNINITIALIZED_AUTOS = YES_AGGRESSIVE;
				GCC_WARN_UNUSED_FUNCTION = YES;
				GCC_WARN_UNUSED_VARIABLE = YES;
				IPHONEOS_DEPLOYMENT_TARGET = 26.2;
				LOCALIZATION_PREFERS_STRING_CATALOGS = YES;
				MTL_ENABLE_DEBUG_INFO = NO;
				MTL_FAST_MATH = YES;
				SDKROOT = iphoneos;
				STRING_CATALOG_GENERATE_SYMBOLS = YES;
				SWIFT_COMPILATION_MODE = wholemodule;
				VALIDATE_PRODUCT = YES;
			};
			name = Release;
		};
		2F60AB8A2F64DAF100B0CB5C /* Debug */ = {
			isa = XCBuildConfiguration;
			baseConfigurationReference = 2F60ACDF2F65A7C800B0CB5C /* Iron Workout/Config/DeveloperSettings.xcconfig */;
			buildSettings = {
				ASSETCATALOG_COMPILER_APPICON_NAME = AppIcon;
				ASSETCATALOG_COMPILER_GLOBAL_ACCENT_COLOR_NAME = AccentColor;
				CODE_SIGN_ENTITLEMENTS = "Iron Workout/Iron Workout.entitlements";
				CODE_SIGN_STYLE = Automatic;
				CURRENT_PROJECT_VERSION = 2;
				DEVELOPMENT_TEAM = KDWZ3WNLDK;
				ENABLE_PREVIEWS = YES;
				GENERATE_INFOPLIST_FILE = YES;
				INFOPLIST_FILE = "Iron Workout/Info.plist";
				INFOPLIST_KEY_CFBundleDisplayName = "Iron Workout";
				INFOPLIST_KEY_ITSAppUsesNonExemptEncryption = NO;
				INFOPLIST_KEY_NSHealthShareUsageDescription = "Iron Workout læser træningsdata fra Health (puls, kalorier) så du kan se dem i historik.";
				INFOPLIST_KEY_NSHealthUpdateUsageDescription = "Iron Workout gemmer dine træninger i Health så de vises i Health-appen og på Apple Watch.";
				INFOPLIST_KEY_UIApplicationSceneManifest_Generation = YES;
				INFOPLIST_KEY_UIApplicationSupportsIndirectInputEvents = YES;
				INFOPLIST_KEY_UILaunchScreen_Generation = YES;
				INFOPLIST_KEY_UISupportedInterfaceOrientations_iPad = "UIInterfaceOrientationPortrait UIInterfaceOrientationPortraitUpsideDown UIInterfaceOrientationLandscapeLeft UIInterfaceOrientationLandscapeRight";
				INFOPLIST_KEY_UISupportedInterfaceOrientations_iPhone = "UIInterfaceOrientationPortrait UIInterfaceOrientationLandscapeLeft UIInterfaceOrientationLandscapeRight";
				LD_RUNPATH_SEARCH_PATHS = (
					"$(inherited)",
					"@executable_path/Frameworks",
				);
				MARKETING_VERSION = 1.0;
				PRODUCT_BUNDLE_IDENTIFIER = "com.iamjarl.Iron-Workout";
				PRODUCT_NAME = "$(TARGET_NAME)";
				STRING_CATALOG_GENERATE_SYMBOLS = YES;
				SWIFT_APPROACHABLE_CONCURRENCY = YES;
				SWIFT_DEFAULT_ACTOR_ISOLATION = MainActor;
				SWIFT_EMIT_LOC_STRINGS = YES;
				SWIFT_UPCOMING_FEATURE_MEMBER_IMPORT_VISIBILITY = YES;
				SWIFT_VERSION = 5.0;
				TARGETED_DEVICE_FAMILY = "1,2";
			};
			name = Debug;
		};
		2F60AB8B2F64DAF100B0CB5C /* Release */ = {
			isa = XCBuildConfiguration;
			baseConfigurationReference = 2F60ACDF2F65A7C800B0CB5C /* Iron Workout/Config/DeveloperSettings.xcconfig */;
			buildSettings = {
				ASSETCATALOG_COMPILER_APPICON_NAME = AppIcon;
				ASSETCATALOG_COMPILER_GLOBAL_ACCENT_COLOR_NAME = AccentColor;
				CODE_SIGN_ENTITLEMENTS = "Iron Workout/Iron Workout.entitlements";
				CODE_SIGN_STYLE = Automatic;
				CURRENT_PROJECT_VERSION = 2;
				DEVELOPMENT_TEAM = KDWZ3WNLDK;
				ENABLE_PREVIEWS = YES;
				GENERATE_INFOPLIST_FILE = YES;
				INFOPLIST_FILE = "Iron Workout/Info.plist";
				INFOPLIST_KEY_CFBundleDisplayName = "Iron Workout";
				INFOPLIST_KEY_ITSAppUsesNonExemptEncryption = NO;
				INFOPLIST_KEY_NSHealthShareUsageDescription = "Iron Workout læser træningsdata fra Health (puls, kalorier) så du kan se dem i historik.";
				INFOPLIST_KEY_NSHealthUpdateUsageDescription = "Iron Workout gemmer dine træninger i Health så de vises i Health-appen og på Apple Watch.";
				INFOPLIST_KEY_UIApplicationSceneManifest_Generation = YES;
				INFOPLIST_KEY_UIApplicationSupportsIndirectInputEvents = YES;
				INFOPLIST_KEY_UILaunchScreen_Generation = YES;
				INFOPLIST_KEY_UISupportedInterfaceOrientations_iPad = "UIInterfaceOrientationPortrait UIInterfaceOrientationPortraitUpsideDown UIInterfaceOrientationLandscapeLeft UIInterfaceOrientationLandscapeRight";
				INFOPLIST_KEY_UISupportedInterfaceOrientations_iPhone = "UIInterfaceOrientationPortrait UIInterfaceOrientationLandscapeLeft UIInterfaceOrientationLandscapeRight";
				LD_RUNPATH_SEARCH_PATHS = (
					"$(inherited)",
					"@executable_path/Frameworks",
				);
				MARKETING_VERSION = 1.0;
				PRODUCT_BUNDLE_IDENTIFIER = "com.iamjarl.Iron-Workout";
				PRODUCT_NAME = "$(TARGET_NAME)";
				STRING_CATALOG_GENERATE_SYMBOLS = YES;
				SWIFT_APPROACHABLE_CONCURRENCY = YES;
				SWIFT_DEFAULT_ACTOR_ISOLATION = MainActor;
				SWIFT_EMIT_LOC_STRINGS = YES;
				SWIFT_UPCOMING_FEATURE_MEMBER_IMPORT_VISIBILITY = YES;
				SWIFT_VERSION = 5.0;
				TARGETED_DEVICE_FAMILY = "1,2";
			};
			name = Release;
		};
		2F60AB8D2F64DAF100B0CB5C /* Debug */ = {
			isa = XCBuildConfiguration;
			buildSettings = {
				BUNDLE_LOADER = "$(TEST_HOST)";
				CODE_SIGN_STYLE = Automatic;
				CURRENT_PROJECT_VERSION = 2;
				DEVELOPMENT_TEAM = KDWZ3WNLDK;
				GENERATE_INFOPLIST_FILE = YES;
				IPHONEOS_DEPLOYMENT_TARGET = 26.2;
				MARKETING_VERSION = 1.0;
				PRODUCT_BUNDLE_IDENTIFIER = "com.iamjarl.Iron-WorkoutTests";
				PRODUCT_NAME = "$(TARGET_NAME)";
				STRING_CATALOG_GENERATE_SYMBOLS = NO;
				SWIFT_APPROACHABLE_CONCURRENCY = YES;
				SWIFT_EMIT_LOC_STRINGS = NO;
				SWIFT_UPCOMING_FEATURE_MEMBER_IMPORT_VISIBILITY = YES;
				SWIFT_VERSION = 5.0;
				TARGETED_DEVICE_FAMILY = "1,2";
				TEST_HOST = "$(BUILT_PRODUCTS_DIR)/Iron Workout.app/$(BUNDLE_EXECUTABLE_FOLDER_PATH)/Iron Workout";
			};
			name = Debug;
		};
		2F60AB8E2F64DAF100B0CB5C /* Release */ = {
			isa = XCBuildConfiguration;
			buildSettings = {
				BUNDLE_LOADER = "$(TEST_HOST)";
				CODE_SIGN_STYLE = Automatic;
				CURRENT_PROJECT_VERSION = 2;
				DEVELOPMENT_TEAM = KDWZ3WNLDK;
				GENERATE_INFOPLIST_FILE = YES;
				IPHONEOS_DEPLOYMENT_TARGET = 26.2;
				MARKETING_VERSION = 1.0;
				PRODUCT_BUNDLE_IDENTIFIER = "com.iamjarl.Iron-WorkoutTests";
				PRODUCT_NAME = "$(TARGET_NAME)";
				STRING_CATALOG_GENERATE_SYMBOLS = NO;
				SWIFT_APPROACHABLE_CONCURRENCY = YES;
				SWIFT_EMIT_LOC_STRINGS = NO;
				SWIFT_UPCOMING_FEATURE_MEMBER_IMPORT_VISIBILITY = YES;
				SWIFT_VERSION = 5.0;
				TARGETED_DEVICE_FAMILY = "1,2";
				TEST_HOST = "$(BUILT_PRODUCTS_DIR)/Iron Workout.app/$(BUNDLE_EXECUTABLE_FOLDER_PATH)/Iron Workout";
			};
			name = Release;
		};
		2F60AB902F64DAF100B0CB5C /* Debug */ = {
			isa = XCBuildConfiguration;
			buildSettings = {
				CODE_SIGN_STYLE = Automatic;
				CURRENT_PROJECT_VERSION = 2;
				DEVELOPMENT_TEAM = KDWZ3WNLDK;
				GENERATE_INFOPLIST_FILE = YES;
				MARKETING_VERSION = 1.0;
				PRODUCT_BUNDLE_IDENTIFIER = "com.iamjarl.Iron-WorkoutUITests";
				PRODUCT_NAME = "$(TARGET_NAME)";
				STRING_CATALOG_GENERATE_SYMBOLS = NO;
				SWIFT_APPROACHABLE_CONCURRENCY = YES;
				SWIFT_EMIT_LOC_STRINGS = NO;
				SWIFT_UPCOMING_FEATURE_MEMBER_IMPORT_VISIBILITY = YES;
				SWIFT_VERSION = 5.0;
				TARGETED_DEVICE_FAMILY = "1,2";
				TEST_TARGET_NAME = "Iron Workout";
			};
			name = Debug;
		};
		2F60AB912F64DAF100B0CB5C /* Release */ = {
			isa = XCBuildConfiguration;
			buildSettings = {
				CODE_SIGN_STYLE = Automatic;
				CURRENT_PROJECT_VERSION = 2;
				DEVELOPMENT_TEAM = KDWZ3WNLDK;
				GENERATE_INFOPLIST_FILE = YES;
				MARKETING_VERSION = 1.0;
				PRODUCT_BUNDLE_IDENTIFIER = "com.iamjarl.Iron-WorkoutUITests";
				PRODUCT_NAME = "$(TARGET_NAME)";
				STRING_CATALOG_GENERATE_SYMBOLS = NO;
				SWIFT_APPROACHABLE_CONCURRENCY = YES;
				SWIFT_EMIT_LOC_STRINGS = NO;
				SWIFT_UPCOMING_FEATURE_MEMBER_IMPORT_VISIBILITY = YES;
				SWIFT_VERSION = 5.0;
				TARGETED_DEVICE_FAMILY = "1,2";
				TEST_TARGET_NAME = "Iron Workout";
			};
			name = Release;
		};
/* End XCBuildConfiguration section */

/* Begin XCConfigurationList section */
		2F0B86802F8DAB4700078716 /* Build configuration list for PBXNativeTarget "IronWorkoutWidgetExtension" */ = {
			isa = XCConfigurationList;
			buildConfigurations = (
				2F0B86812F8DAB4700078716 /* Debug */,
				2F0B86822F8DAB4700078716 /* Release */,
			);
			defaultConfigurationIsVisible = 0;
			defaultConfigurationName = Release;
		};
		2F60AB632F64DAEC00B0CB5C /* Build configuration list for PBXProject "Iron Workout" */ = {
			isa = XCConfigurationList;
			buildConfigurations = (
				2F60AB872F64DAF100B0CB5C /* Debug */,
				2F60AB882F64DAF100B0CB5C /* Release */,
			);
			defaultConfigurationIsVisible = 0;
			defaultConfigurationName = Release;
		};
		2F60AB892F64DAF100B0CB5C /* Build configuration list for PBXNativeTarget "Iron Workout" */ = {
			isa = XCConfigurationList;
			buildConfigurations = (
				2F60AB8A2F64DAF100B0CB5C /* Debug */,
				2F60AB8B2F64DAF100B0CB5C /* Release */,
			);
			defaultConfigurationIsVisible = 0;
			defaultConfigurationName = Release;
		};
		2F60AB8C2F64DAF100B0CB5C /* Build configuration list for PBXNativeTarget "Iron WorkoutTests" */ = {
			isa = XCConfigurationList;
			buildConfigurations = (
				2F60AB8D2F64DAF100B0CB5C /* Debug */,
				2F60AB8E2F64DAF100B0CB5C /* Release */,
			);
			defaultConfigurationIsVisible = 0;
			defaultConfigurationName = Release;
		};
		2F60AB8F2F64DAF100B0CB5C /* Build configuration list for PBXNativeTarget "Iron WorkoutUITests" */ = {
			isa = XCConfigurationList;
			buildConfigurations = (
				2F60AB902F64DAF100B0CB5C /* Debug */,
				2F60AB912F64DAF100B0CB5C /* Release */,
			);
			defaultConfigurationIsVisible = 0;
			defaultConfigurationName = Release;
		};
/* End XCConfigurationList section */

/* Begin XCRemoteSwiftPackageReference section */
		2F2546FB2F675BE400BB5A6C /* XCRemoteSwiftPackageReference "swift" */ = {
			isa = XCRemoteSwiftPackageReference;
			repositoryURL = "https://github.com/phosphor-icons/swift";
			requirement = {
				kind = upToNextMajorVersion;
				minimumVersion = 2.1.0;
			};
		};
		A1B2C3D42E5F6789012345AB /* XCRemoteSwiftPackageReference "sentry-cocoa" */ = {
			isa = XCRemoteSwiftPackageReference;
			repositoryURL = "https://github.com/getsentry/sentry-cocoa";
			requirement = {
				kind = upToNextMajorVersion;
				minimumVersion = 9.0.0;
			};
		};
		B2C3D42E5F6789012345AB01 /* XCRemoteSwiftPackageReference "iamjarl-design" */ = {
			isa = XCRemoteSwiftPackageReference;
			repositoryURL = "https://github.com/JarlLyng/iamjarl-design";
			requirement = {
				branch = main;
				kind = branch;
			};
		};
/* End XCRemoteSwiftPackageReference section */

/* Begin XCSwiftPackageProductDependency section */
		2F2546FC2F675BE400BB5A6C /* PhosphorSwift */ = {
			isa = XCSwiftPackageProductDependency;
			package = 2F2546FB2F675BE400BB5A6C /* XCRemoteSwiftPackageReference "swift" */;
			productName = PhosphorSwift;
		};
		A1B2C3D42E5F6789012345AC /* Sentry */ = {
			isa = XCSwiftPackageProductDependency;
			package = A1B2C3D42E5F6789012345AB /* XCRemoteSwiftPackageReference "sentry-cocoa" */;
			productName = Sentry;
		};
		B2C3D42E5F6789012345AB02 /* IAMJARLDesignTokens */ = {
			isa = XCSwiftPackageProductDependency;
			package = B2C3D42E5F6789012345AB01 /* XCRemoteSwiftPackageReference "iamjarl-design" */;
			productName = IAMJARLDesignTokens;
		};
/* End XCSwiftPackageProductDependency section */
	};
	rootObject = 2F60AB602F64DAEC00B0CB5C /* Project object */;
}
